lockfileVersion: '9.0'

settings:
  autoInstallPeers: true
  excludeLinksFromLockfile: false

importers:

  .:
    dependencies:
      konsistent:
        specifier: 1.0.0-beta.10
        version: 1.0.0-beta.10
    devDependencies:
      typescript:
        specifier: 5.9.3
        version: 5.9.3

packages:

  '@konsistent/convention@1.0.0-beta.10':
    resolution: {integrity: sha512-rfRfBlf9WKBIeOH4OGAvq7yqzdFK/Rs4olMlydJ+3WaAM89g3nlzyecy+4noblPiU+JW8HqX07raaVI/mKrEUQ==}
    engines: {node: '>=22.11.0'}
    hasBin: true
    peerDependencies:
      zod: ^4

  citty@0.2.2:
    resolution: {integrity: sha512-+6vJA3L98yv+IdfKGZHBNiGW5KHn22e/JwID0Strsz8h4S/csAu/OuICwxrg44k5MRiZHWIo8XXuJgQTriRP4w==}

  fdir@6.5.0:
    resolution: {integrity: sha512-tIbYtZbucOs0BRGqPJkshJUYdL+SDH7dVM8gjy+ERp3WAUjLEFJE+02kanyHtwjWOnwrKYBiwAmM0p4kLJAnXg==}
    engines: {node: '>=12.0.0'}
    peerDependencies:
      picomatch: ^3 || ^4
    peerDependenciesMeta:
      picomatch:
        optional: true

  jiti@2.7.0:
    resolution: {integrity: sha512-AC/7JofJvZGrrneWNaEnJeOLUx+JlGt7tNa0wZiRPT4MY1wmfKjt2+6O2p2uz2+skll8OZZmJMNqeke7kKbNgQ==}
    hasBin: true

  konsistent@1.0.0-beta.10:
    resolution: {integrity: sha512-XOsZ3huBckRE+P78d5bN4VtbejtHeG76kRBWFkAt/ThbrfyoGN64tnv8zvpRIfhyN6Yi4WqggTjC0f5F2Qdl2g==}
    engines: {node: '>=22.11.0'}
    hasBin: true

  picocolors@1.1.1:
    resolution: {integrity: sha512-xceH2snhtb5M9liqDsmEw56le376mTZkEX/jEb/RxNFyegNul7eNslCXP9FDj/Lcu0X8KEyMceP2ntpaHrDEVA==}

  picomatch@4.0.7:
    resolution: {integrity: sha512-qcJu88Q2IWqJsDD529JKMdwGm/dvInW4HvQnRwiH9JtihJvzGOscDtHE3x1pBKeUOTysQ8kVmLnJ2kJu7yhcGA==}
    engines: {node: '>=12'}

  resolve.exports@2.0.3:
    resolution: {integrity: sha512-OcXjMsGdhL4XnbShKpAcSqPMzQoYkYyhbEaeSko47MjRP9NfEQMhZkXL1DoFlt9LWQn4YttrdnV6X2OiyzBi+A==}
    engines: {node: '>=10'}

  tinyglobby@0.2.17:
    resolution: {integrity: sha512-wXR/dYpcqKmfWpEdZjiKJOwCNFndD0DMnrW/cYjVGttEkBfVgcLFHoNrlj47mjOVic9yyNu65alsgF4NQyTa2g==}
    engines: {node: '>=12.0.0'}

  typescript@5.9.3:
    resolution: {integrity: sha512-jl1vZzPDinLr9eUt3J/t7V6FgNEw9QjvBPdysz9KfQDD41fQrC2Y4vKQdiaUpFT4bXlb1RHhLpp8wtm6M5TgSw==}
    engines: {node: '>=14.17'}
    hasBin: true

  zod@4.6.5:
    resolution: {integrity: sha512-v5l/aFXZQeai4awLbOpSoHecE9UiMrnfx75tEXLjNonXVARxQ5mOeipTjROUchszUNCqnE+hqAMujRsRHsut2Q==}

snapshots:

  '@konsistent/convention@1.0.0-beta.10(zod@4.6.5)':
    dependencies:
      citty: 0.2.2
      jiti: 2.7.0
      zod: 4.6.5

  citty@0.2.2: {}

  fdir@6.5.0(picomatch@4.0.7):
    optionalDependencies:
      picomatch: 4.0.7

  jiti@2.7.0: {}

  konsistent@1.0.0-beta.10:
    dependencies:
      '@konsistent/convention': 1.0.0-beta.10(zod@4.6.5)
      citty: 0.2.2
      picocolors: 1.1.1
      picomatch: 4.0.7
      resolve.exports: 2.0.3
      tinyglobby: 0.2.17
      typescript: 5.9.3
      zod: 4.6.5

  picocolors@1.1.1: {}

  picomatch@4.0.7: {}

  resolve.exports@2.0.3: {}

  tinyglobby@0.2.17:
    dependencies:
      fdir: 6.5.0(picomatch@4.0.7)
      picomatch: 4.0.7

  typescript@5.9.3: {}

  zod@4.6.5: {}
